
Microsoft Visual Studio Solution File, Format Version 12.00
# Visual Studio Version 17
VisualStudioVersion = 17.8.34330.188
MinimumVisualStudioVersion = 10.0.40219.1
Project("{FAE04EC0-301F-11D3-BF4B-00C04F79EFBC}") = "game.lab6.Drobitko", "game.lab6.Drobitko\game.lab6.Drobitko.csproj", "{F9B7FE4C-2EAD-4AA5-B6AF-B6E731CA9BDE}"
EndProject
Global
	GlobalSection(SolutionConfigurationPlatforms) = preSolution
		Debug|Any CPU = Debug|Any CPU
		Release|Any CPU = Release|Any CPU
	EndGlobalSection
	GlobalSection(ProjectConfigurationPlatforms) = postSolution
		{F9B7FE4C-2EAD-4AA5-B6AF-B6E731CA9BDE}.Debug|Any CPU.ActiveCfg = Debug|Any CPU
		{F9B7FE4C-2EAD-4AA5-B6AF-B6E731CA9BDE}.Debug|Any CPU.Build.0 = Debug|Any CPU
		{F9B7FE4C-2EAD-4AA5-B6AF-B6E731CA9BDE}.Release|Any CPU.ActiveCfg = Release|Any CPU
		{F9B7FE4C-2EAD-4AA5-B6AF-B6E731CA9BDE}.Release|Any CPU.Build.0 = Release|Any CPU
	EndGlobalSection
	GlobalSection(SolutionProperties) = preSolution
		HideSolutionNode = FALSE
	EndGlobalSection
	GlobalSection(ExtensibilityGlobals) = postSolution
		SolutionGuid = {0078EFCF-E446-4388-AAA8-2211A1D2943E}
	EndGlobalSection
EndGlobal
